{
  "buildHash": "c0b29401d98243d5f1c57daf6ae50bb9",
  "jsApi": {
    "apiInstances": [],
    "apiAliases": {},
    "apiInterfaces": {},
    "apiNames": {},
    "apiTypes": {}
  },
  "llvmApi": {
    "apiInstances": [],
    "apiAliases": {},
    "apiInterfaces": {},
    "apiNames": {},
    "apiTypes": {}
  },
  "versionHash": "fbacc30a1f288ebf360ad2de66710082"
}
